
Microsoft Visual Studio Solution File, Format Version 12.00
# Visual Studio Version 17
VisualStudioVersion = 17.8.34408.163
MinimumVisualStudioVersion = 10.0.40219.1
Project("{FAE04EC0-301F-11D3-BF4B-00C04F79EFBC}") = "Mission06_Imerlishvili", "Mission06_Imerlishvili.csproj", "{5C7C35A7-D529-4086-A7F9-A09EE539124E}"
EndProject
Global
	GlobalSection(SolutionConfigurationPlatforms) = preSolution
		Debug|Any CPU = Debug|Any CPU
		Release|Any CPU = Release|Any CPU
	EndGlobalSection
	GlobalSection(ProjectConfigurationPlatforms) = postSolution
		{5C7C35A7-D529-4086-A7F9-A09EE539124E}.Debug|Any CPU.ActiveCfg = Debug|Any CPU
		{5C7C35A7-D529-4086-A7F9-A09EE539124E}.Debug|Any CPU.Build.0 = Debug|Any CPU
		{5C7C35A7-D529-4086-A7F9-A09EE539124E}.Release|Any CPU.ActiveCfg = Release|Any CPU
		{5C7C35A7-D529-4086-A7F9-A09EE539124E}.Release|Any CPU.Build.0 = Release|Any CPU
	EndGlobalSection
	GlobalSection(SolutionProperties) = preSolution
		HideSolutionNode = FALSE
	EndGlobalSection
	GlobalSection(ExtensibilityGlobals) = postSolution
		SolutionGuid = {FDB2E2CC-5574-469B-BD5B-4934FE7C2C8F}
	EndGlobalSection
EndGlobal
